
Microsoft Visual Studio Solution File, Format Version 12.00
# Visual Studio 2012
Project("{FAE04EC0-301F-11D3-BF4B-00C04F79EFBC}") = "QAnalytics", "QAnalytics\QAnalytics.csproj", "{049FB925-B1DD-4DA4-A3E3-32ADC9A6BDBD}"
EndProject
Global
	GlobalSection(SolutionConfigurationPlatforms) = preSolution
		Debug|Any CPU = Debug|Any CPU
		Release|Any CPU = Release|Any CPU
	EndGlobalSection
	GlobalSection(ProjectConfigurationPlatforms) = postSolution
		{049FB925-B1DD-4DA4-A3E3-32ADC9A6BDBD}.Debug|Any CPU.ActiveCfg = Debug|Any CPU
		{049FB925-B1DD-4DA4-A3E3-32ADC9A6BDBD}.Debug|Any CPU.Build.0 = Debug|Any CPU
		{049FB925-B1DD-4DA4-A3E3-32ADC9A6BDBD}.Release|Any CPU.ActiveCfg = Release|Any CPU
		{049FB925-B1DD-4DA4-A3E3-32ADC9A6BDBD}.Release|Any CPU.Build.0 = Release|Any CPU
	EndGlobalSection
EndGlobal
